
Microsoft Visual Studio Solution File, Format Version 12.00
# Visual Studio Version 17
VisualStudioVersion = 17.8.34511.84
MinimumVisualStudioVersion = 10.0.40219.1
Project("{FAE04EC0-301F-11D3-BF4B-00C04F79EFBC}") = "AdventureWorks.MAUI", "AdventureWorks.MAUI\AdventureWorks.MAUI.csproj", "{49C9A382-FDBF-4F50-A948-32E9EF7675D5}"
EndProject
Project("{FAE04EC0-301F-11D3-BF4B-00C04F79EFBC}") = "AdventureWorks.EntityLayer", "AdventureWorks.EntityLayer\AdventureWorks.EntityLayer.csproj", "{A7E30EBD-62C1-45FC-9EC3-BF85DA89DFCF}"
EndProject
Project("{FAE04EC0-301F-11D3-BF4B-00C04F79EFBC}") = "Common.Library", "Common.Library\Common.Library.csproj", "{7C2202F9-F886-47CE-B308-F10981C05ACE}"
EndProject
Global
	GlobalSection(SolutionConfigurationPlatforms) = preSolution
		Debug|Any CPU = Debug|Any CPU
		Release|Any CPU = Release|Any CPU
	EndGlobalSection
	GlobalSection(ProjectConfigurationPlatforms) = postSolution
		{49C9A382-FDBF-4F50-A948-32E9EF7675D5}.Debug|Any CPU.ActiveCfg = Debug|Any CPU
		{49C9A382-FDBF-4F50-A948-32E9EF7675D5}.Debug|Any CPU.Build.0 = Debug|Any CPU
		{49C9A382-FDBF-4F50-A948-32E9EF7675D5}.Debug|Any CPU.Deploy.0 = Debug|Any CPU
		{49C9A382-FDBF-4F50-A948-32E9EF7675D5}.Release|Any CPU.ActiveCfg = Release|Any CPU
		{49C9A382-FDBF-4F50-A948-32E9EF7675D5}.Release|Any CPU.Build.0 = Release|Any CPU
		{49C9A382-FDBF-4F50-A948-32E9EF7675D5}.Release|Any CPU.Deploy.0 = Release|Any CPU
		{A7E30EBD-62C1-45FC-9EC3-BF85DA89DFCF}.Debug|Any CPU.ActiveCfg = Debug|Any CPU
		{A7E30EBD-62C1-45FC-9EC3-BF85DA89DFCF}.Debug|Any CPU.Build.0 = Debug|Any CPU
		{A7E30EBD-62C1-45FC-9EC3-BF85DA89DFCF}.Release|Any CPU.ActiveCfg = Release|Any CPU
		{A7E30EBD-62C1-45FC-9EC3-BF85DA89DFCF}.Release|Any CPU.Build.0 = Release|Any CPU
		{7C2202F9-F886-47CE-B308-F10981C05ACE}.Debug|Any CPU.ActiveCfg = Debug|Any CPU
		{7C2202F9-F886-47CE-B308-F10981C05ACE}.Debug|Any CPU.Build.0 = Debug|Any CPU
		{7C2202F9-F886-47CE-B308-F10981C05ACE}.Release|Any CPU.ActiveCfg = Release|Any CPU
		{7C2202F9-F886-47CE-B308-F10981C05ACE}.Release|Any CPU.Build.0 = Release|Any CPU
	EndGlobalSection
	GlobalSection(SolutionProperties) = preSolution
		HideSolutionNode = FALSE
	EndGlobalSection
	GlobalSection(ExtensibilityGlobals) = postSolution
		SolutionGuid = {E98C26E6-9A54-403E-9AB5-619577D82B15}
	EndGlobalSection
EndGlobal
